{
  "version": 4,
  "terraform_version": "1.14.0",
  "serial": 312,
  "lineage": "17e6ddc9-92b1-79fb-01f5-c393ab5ff7db",
  "outputs": {},
  "resources": [
    {
      "mode": "managed",
      "type": "aws_ecr_repository",
      "name": "strapi",
      "provider": "provider[\"registry.terraform.io/hashicorp/aws\"]",
      "instances": [
        {
          "schema_version": 0,
          "attributes": {
            "arn": "arn:aws:ecr:ap-south-1:164971840296:repository/strapi-repo-aditya",
            "encryption_configuration": [
              {
                "encryption_type": "AES256",
                "kms_key": ""
              }
            ],
            "force_delete": null,
            "id": "strapi-repo-aditya",
            "image_scanning_configuration": [
              {
                "scan_on_push": true
              }
            ],
            "image_tag_mutability": "MUTABLE",
            "name": "strapi-repo-aditya",
            "registry_id": "164971840296",
            "repository_url": "164971840296.dkr.ecr.ap-south-1.amazonaws.com/strapi-repo-aditya",
            "tags": {
              "Name": "strapi-ecr-repo",
              "Owner": "aditya"
            },
            "tags_all": {
              "Name": "strapi-ecr-repo",
              "Owner": "aditya"
            },
            "timeouts": null
          },
          "sensitive_attributes": [],
          "identity_schema_version": 0,
          "private": "eyJlMmJmYjczMC1lY2FhLTExZTYtOGY4OC0zNDM2M2JjN2M0YzAiOnsiZGVsZXRlIjoxMjAwMDAwMDAwMDAwfX0="
        }
      ]
    }
  ],
  "check_results": null
}
